{
  "name": "orbit-project-root",
  "lockfileVersion": 3,
  "requires": true,
  "packages": {
    "": {
      "name": "orbit-project-root",
      "workspaces": [
        "packages/*"
      ]
    },
    "node_modules/@orbitos/activity-log": {
      "resolved": "packages/orbitos-activity-log",
      "link": true
    },
    "node_modules/@orbitos/capabilities": {
      "resolved": "packages/orbitos-capabilities",
      "link": true
    },
    "node_modules/@orbitos/core-types": {
      "resolved": "packages/orbitos-core-types",
      "link": true
    },
    "node_modules/@orbitos/object-store": {
      "resolved": "packages/orbitos-object-store",
      "link": true
    },
    "node_modules/@orbitos/runtime": {
      "resolved": "packages/orbitos-runtime",
      "link": true
    },
    "node_modules/@orbitos/storage-sqlite": {
      "resolved": "packages/orbitos-storage-sqlite",
      "link": true
    },
    "node_modules/@orbitos/sync-engine": {
      "resolved": "packages/orbitos-sync-engine",
      "link": true
    },
    "node_modules/@types/emscripten": {
      "version": "1.41.5",
      "resolved": "https://registry.npmjs.org/@types/emscripten/-/emscripten-1.41.5.tgz",
      "integrity": "sha512-cMQm7pxu6BxtHyqJ7mQZ2kXWV5SLmugybFdHCBbJ5eHzOo6VhBckEgAT3//rP5FwPHNPeEiq4SmQ5ucBwsOo4Q==",
      "dev": true,
      "license": "MIT"
    },
    "node_modules/@types/node": {
      "version": "26.0.0",
      "resolved": "https://registry.npmjs.org/@types/node/-/node-26.0.0.tgz",
      "integrity": "sha512-vf2YFi1iY9lHGwNJMs01biZFbKJkrZR1T6/MlzjhJLPdntOHLhTrDSnSVcdtvjihi4VQNlrFRIxLsDBlQpAipA==",
      "dev": true,
      "license": "MIT",
      "dependencies": {
        "undici-types": "~8.3.0"
      }
    },
    "node_modules/@types/sql.js": {
      "version": "1.4.11",
      "resolved": "https://registry.npmjs.org/@types/sql.js/-/sql.js-1.4.11.tgz",
      "integrity": "sha512-QXIx38p2ZThJaK9vP5ZdqdlRe1FG9I8SmCZOS7FHfB/2qPAjZwkL7/vlfPg6N/oWHuuOaGg/P/IRwfP2W0kWVQ==",
      "dev": true,
      "license": "MIT",
      "dependencies": {
        "@types/emscripten": "*",
        "@types/node": "*"
      }
    },
    "node_modules/sql.js": {
      "version": "1.14.1",
      "resolved": "https://registry.npmjs.org/sql.js/-/sql.js-1.14.1.tgz",
      "integrity": "sha512-gcj8zBWU5cFsi9WUP+4bFNXAyF1iRpA3LLyS/DP5xlrNzGmPIizUeBggKa8DbDwdqaKwUcTEnChtd2grWo/x/A==",
      "license": "MIT"
    },
    "node_modules/typescript": {
      "version": "5.9.3",
      "resolved": "https://registry.npmjs.org/typescript/-/typescript-5.9.3.tgz",
      "integrity": "sha512-jl1vZzPDinLr9eUt3J/t7V6FgNEw9QjvBPdysz9KfQDD41fQrC2Y4vKQdiaUpFT4bXlb1RHhLpp8wtm6M5TgSw==",
      "dev": true,
      "license": "Apache-2.0",
      "bin": {
        "tsc": "bin/tsc",
        "tsserver": "bin/tsserver"
      },
      "engines": {
        "node": ">=14.17"
      }
    },
    "node_modules/undici-types": {
      "version": "8.3.0",
      "resolved": "https://registry.npmjs.org/undici-types/-/undici-types-8.3.0.tgz",
      "integrity": "sha512-j375ScV60dom+YkPFIfTLcOiPxkN/buHz5GobjLhixFuANaNs3C9l4GmrWqejgXWJ7BbJcFYpTEUkS1Ge8bpZQ==",
      "dev": true,
      "license": "MIT"
    },
    "packages/orbitos-activity-log": {
      "name": "@orbitos/activity-log",
      "version": "0.1.0",
      "dependencies": {
        "@orbitos/core-types": "file:../orbitos-core-types"
      },
      "devDependencies": {
        "typescript": "^5.4.5"
      }
    },
    "packages/orbitos-capabilities": {
      "name": "@orbitos/capabilities",
      "version": "0.1.0",
      "dependencies": {
        "@orbitos/core-types": "file:../orbitos-core-types"
      },
      "devDependencies": {
        "typescript": "^5.4.5"
      }
    },
    "packages/orbitos-core-types": {
      "name": "@orbitos/core-types",
      "version": "0.1.0",
      "devDependencies": {
        "typescript": "^5.4.5"
      }
    },
    "packages/orbitos-object-store": {
      "name": "@orbitos/object-store",
      "version": "0.1.0",
      "dependencies": {
        "@orbitos/core-types": "file:../orbitos-core-types"
      },
      "devDependencies": {
        "typescript": "^5.4.5"
      }
    },
    "packages/orbitos-runtime": {
      "name": "@orbitos/runtime",
      "version": "0.1.0",
      "dependencies": {
        "@orbitos/activity-log": "file:../orbitos-activity-log",
        "@orbitos/capabilities": "file:../orbitos-capabilities",
        "@orbitos/core-types": "file:../orbitos-core-types",
        "@orbitos/object-store": "file:../orbitos-object-store"
      },
      "devDependencies": {
        "@orbitos/storage-sqlite": "file:../orbitos-storage-sqlite",
        "typescript": "^5.4.5"
      }
    },
    "packages/orbitos-storage-sqlite": {
      "name": "@orbitos/storage-sqlite",
      "version": "0.1.0",
      "dependencies": {
        "@orbitos/core-types": "file:../orbitos-core-types",
        "sql.js": "^1.10.3"
      },
      "devDependencies": {
        "@types/sql.js": "^1.4.9",
        "typescript": "^5.4.5"
      }
    },
    "packages/orbitos-sync-engine": {
      "name": "@orbitos/sync-engine",
      "version": "0.1.0",
      "dependencies": {
        "@orbitos/core-types": "file:../orbitos-core-types"
      },
      "devDependencies": {
        "@orbitos/runtime": "file:../orbitos-runtime",
        "@orbitos/storage-sqlite": "file:../orbitos-storage-sqlite",
        "typescript": "^5.4.5"
      }
    }
  }
}
